
Microsoft Visual Studio Solution File, Format Version 12.00
# Visual Studio 14
VisualStudioVersion = 14.0.25420.1
MinimumVisualStudioVersion = 10.0.40219.1
Project("{2150E333-8FDC-42A3-9474-1A3956D46DE8}") = "src", "src", "{E2221FB5-86D4-4AED-892D-DCC10D2FC8BC}"
EndProject
Project("{2150E333-8FDC-42A3-9474-1A3956D46DE8}") = "Solution Items", "Solution Items", "{3DF63284-B8E5-4EB3-9E9C-ABC6F35B0B70}"
	ProjectSection(SolutionItems) = preProject
		global.json = global.json
	EndProjectSection
EndProject
Project("{8BB2217D-0F2D-49D1-97BC-3654ED321F3B}") = "WebAPI_CORS", "src\WebAPI_CORS\WebAPI_CORS.xproj", "{364AF23C-B329-403E-9E9B-5B7AC46ADF7D}"
EndProject
Global
	GlobalSection(SolutionConfigurationPlatforms) = preSolution
		Debug|Any CPU = Debug|Any CPU
		Release|Any CPU = Release|Any CPU
	EndGlobalSection
	GlobalSection(ProjectConfigurationPlatforms) = postSolution
		{364AF23C-B329-403E-9E9B-5B7AC46ADF7D}.Debug|Any CPU.ActiveCfg = Debug|Any CPU
		{364AF23C-B329-403E-9E9B-5B7AC46ADF7D}.Debug|Any CPU.Build.0 = Debug|Any CPU
		{364AF23C-B329-403E-9E9B-5B7AC46ADF7D}.Release|Any CPU.ActiveCfg = Release|Any CPU
		{364AF23C-B329-403E-9E9B-5B7AC46ADF7D}.Release|Any CPU.Build.0 = Release|Any CPU
	EndGlobalSection
	GlobalSection(SolutionProperties) = preSolution
		HideSolutionNode = FALSE
	EndGlobalSection
	GlobalSection(NestedProjects) = preSolution
		{364AF23C-B329-403E-9E9B-5B7AC46ADF7D} = {E2221FB5-86D4-4AED-892D-DCC10D2FC8BC}
	EndGlobalSection
EndGlobal
